
Microsoft Visual Studio Solution File, Format Version 12.00
# Visual Studio 2013
Project("{FAE04EC0-301F-11D3-BF4B-00C04F79EFBC}") = "UnityVS.WeXI.CSharp.Plugins", "UnityVS.WeXI.CSharp.Plugins.csproj", "{C95D82ED-D37F-A165-A016-C2BAFE034D5B}"
EndProject
Project("{FAE04EC0-301F-11D3-BF4B-00C04F79EFBC}") = "UnityVS.WeXI.CSharp", "UnityVS.WeXI.CSharp.csproj", "{BB20B17F-F52F-480F-50D4-6CE11E5B4D70}"
EndProject
Global
	GlobalSection(SolutionConfigurationPlatforms) = preSolution
		Debug|Any CPU = Debug|Any CPU
		Release|Any CPU = Release|Any CPU
	EndGlobalSection
	GlobalSection(ProjectConfigurationPlatforms) = postSolution
		{C95D82ED-D37F-A165-A016-C2BAFE034D5B}.Debug|Any CPU.ActiveCfg = Debug|Any CPU
		{C95D82ED-D37F-A165-A016-C2BAFE034D5B}.Debug|Any CPU.Build.0 = Debug|Any CPU
		{C95D82ED-D37F-A165-A016-C2BAFE034D5B}.Release|Any CPU.ActiveCfg = Release|Any CPU
		{C95D82ED-D37F-A165-A016-C2BAFE034D5B}.Release|Any CPU.Build.0 = Release|Any CPU
		{BB20B17F-F52F-480F-50D4-6CE11E5B4D70}.Debug|Any CPU.ActiveCfg = Debug|Any CPU
		{BB20B17F-F52F-480F-50D4-6CE11E5B4D70}.Debug|Any CPU.Build.0 = Debug|Any CPU
		{BB20B17F-F52F-480F-50D4-6CE11E5B4D70}.Release|Any CPU.ActiveCfg = Release|Any CPU
		{BB20B17F-F52F-480F-50D4-6CE11E5B4D70}.Release|Any CPU.Build.0 = Release|Any CPU
	EndGlobalSection
	GlobalSection(SolutionProperties) = preSolution
		HideSolutionNode = FALSE
	EndGlobalSection
EndGlobal
